
Microsoft Visual Studio Solution File, Format Version 12.00
# Visual Studio Version 17
VisualStudioVersion = 17.4.33103.184
MinimumVisualStudioVersion = 10.0.40219.1
Project("{2150E333-8FDC-42A3-9474-1A3956D46DE8}") = "services", "services", "{9AAA3775-773C-4602-8BA5-7AE49BA40FEA}"
EndProject
Project("{2150E333-8FDC-42A3-9474-1A3956D46DE8}") = "Catalog", "Catalog", "{DB768D71-3646-426B-9812-3ECB144FE827}"
EndProject
Project("{FAE04EC0-301F-11D3-BF4B-00C04F79EFBC}") = "Catalog.API", "Services\Catalog\Catalog.API\Catalog.API.csproj", "{9527D23B-A6D2-4272-BD00-C146F3102445}"
EndProject
Global
	GlobalSection(SolutionConfigurationPlatforms) = preSolution
		Debug|Any CPU = Debug|Any CPU
		Release|Any CPU = Release|Any CPU
	EndGlobalSection
	GlobalSection(ProjectConfigurationPlatforms) = postSolution
		{9527D23B-A6D2-4272-BD00-C146F3102445}.Debug|Any CPU.ActiveCfg = Debug|Any CPU
		{9527D23B-A6D2-4272-BD00-C146F3102445}.Debug|Any CPU.Build.0 = Debug|Any CPU
		{9527D23B-A6D2-4272-BD00-C146F3102445}.Release|Any CPU.ActiveCfg = Release|Any CPU
		{9527D23B-A6D2-4272-BD00-C146F3102445}.Release|Any CPU.Build.0 = Release|Any CPU
	EndGlobalSection
	GlobalSection(SolutionProperties) = preSolution
		HideSolutionNode = FALSE
	EndGlobalSection
	GlobalSection(NestedProjects) = preSolution
		{DB768D71-3646-426B-9812-3ECB144FE827} = {9AAA3775-773C-4602-8BA5-7AE49BA40FEA}
		{9527D23B-A6D2-4272-BD00-C146F3102445} = {DB768D71-3646-426B-9812-3ECB144FE827}
	EndGlobalSection
	GlobalSection(ExtensibilityGlobals) = postSolution
		SolutionGuid = {4D616D5B-F6D6-4878-BB8C-9D1E349F6DB6}
	EndGlobalSection
EndGlobal
